{
  "name": "trpc-sample",
  "version": "1.0.0",
  "lockfileVersion": 1,
  "requires": true,
  "dependencies": {
    "@tanstack/query-core": {
      "version": "4.22.4",
      "resolved": "https://registry.npmjs.org/@tanstack/query-core/-/query-core-4.22.4.tgz",
      "integrity": "sha512-t79CMwlbBnj+yL82tEcmRN93bL4U3pae2ota4t5NN2z3cIeWw74pzdWrKRwOfTvLcd+b30tC+ciDlfYOKFPGUw=="
    },
    "@tanstack/react-query": {
      "version": "4.22.4",
      "resolved": "https://registry.npmjs.org/@tanstack/react-query/-/react-query-4.22.4.tgz",
      "integrity": "sha512-e5j5Z88XUQGeEPMyz5XF1V0mMf6Da+6URXiTpZfUb9nuHs2nlNoA+EoIvnhccE5b9YT6Yg7kARhn2L7u94M/4A==",
      "requires": {
        "@tanstack/query-core": "4.22.4",
        "use-sync-external-store": "^1.2.0"
      }
    },
    "@trpc/client": {
      "version": "10.9.0",
      "resolved": "https://registry.npmjs.org/@trpc/client/-/client-10.9.0.tgz",
      "integrity": "sha512-id6318qpgqllNOuBp7nuciXFPXCe+zae5d4r1hze6Eyp5fFFNO58TqA+4Q44KIcHgpfWyW2egs6iPeql3PrdKA=="
    },
    "@trpc/next": {
      "version": "10.9.0",
      "resolved": "https://registry.npmjs.org/@trpc/next/-/next-10.9.0.tgz",
      "integrity": "sha512-h/W8VHMki/fw7vHNMs1Ku7bLqccjpiKCE1wkqbvHfBOO1ARDmarRbuK6dLqJilip/f7jkFXcrxwB+eNgK4+6Wg==",
      "requires": {
        "react-ssr-prepass": "^1.5.0"
      }
    },
    "@trpc/react-query": {
      "version": "10.9.0",
      "resolved": "https://registry.npmjs.org/@trpc/react-query/-/react-query-10.9.0.tgz",
      "integrity": "sha512-I7xtdFj/AETwc9HfY2bGxKINij39r26LvfIiTBfz2pBj1ELrcgucWmPeI2eS6pon/uI1E9Nqa6fQCg/zkg764Q=="
    },
    "@trpc/server": {
      "version": "10.9.0",
      "resolved": "https://registry.npmjs.org/@trpc/server/-/server-10.9.0.tgz",
      "integrity": "sha512-5psyZgbvy29pJND32hwkWTMbv6s86IbsPOeDopsgNF0VegZT6Dsijmb7Ub/TDhuJVQVq5u4u5briMXi3SxmBkw=="
    },
    "react-ssr-prepass": {
      "version": "1.5.0",
      "resolved": "https://registry.npmjs.org/react-ssr-prepass/-/react-ssr-prepass-1.5.0.tgz",
      "integrity": "sha512-yFNHrlVEReVYKsLI5lF05tZoHveA5pGzjFbFJY/3pOqqjGOmMmqx83N4hIjN2n6E1AOa+eQEUxs3CgRnPmT0RQ=="
    },
    "use-sync-external-store": {
      "version": "1.2.0",
      "resolved": "https://registry.npmjs.org/use-sync-external-store/-/use-sync-external-store-1.2.0.tgz",
      "integrity": "sha512-eEgnFxGQ1Ife9bzYs6VLi8/4X6CObHMw9Qr9tPY43iKwsPw8xE8+EFsf/2cFZ5S3esXgpWgtSCtLNS41F+sKPA=="
    }
  }
}
